// !$*UTF8*$!
{
	archiveVersion = 1;
	classes = {
	};
	objectVersion = 46;
	objects = {

/* Begin PBXBuildFile section */
		9B8EB41E1A0C297700B33F0A /* SignUpViewController.swift in Sources */ = {isa = PBXBuildFile; fileRef = 9B8EB41C1A0C297700B33F0A /* SignUpViewController.swift */; };
		9B8EB41F1A0C297700B33F0A /* SignUpViewController.xib in Resources */ = {isa = PBXBuildFile; fileRef = 9B8EB41D1A0C297700B33F0A /* SignUpViewController.xib */; };
		9B99C0F51A0C637100C11359 /* EmptyProfileViewController.swift in Sources */ = {isa = PBXBuildFile; fileRef = 9B99C0F31A0C637100C11359 /* EmptyProfileViewController.swift */; };
		9B99C0F61A0C637100C11359 /* EmptyProfileViewController.xib in Resources */ = {isa = PBXBuildFile; fileRef = 9B99C0F41A0C637100C11359 /* EmptyProfileViewController.xib */; };
		9BBC2E3F1A0C5B5100DAFF17 /* Main.storyboard in Resources */ = {isa = PBXBuildFile; fileRef = 9BBC2E3E1A0C5B5100DAFF17 /* Main.storyboard */; };
		9BBD7EA71A0BEB3E003AAD2D /* LoginViewController.swift in Sources */ = {isa = PBXBuildFile; fileRef = 9BBD7EA51A0BEB3E003AAD2D /* LoginViewController.swift */; };
		9BBD7EA81A0BEB3E003AAD2D /* LoginViewController.xib in Resources */ = {isa = PBXBuildFile; fileRef = 9BBD7EA61A0BEB3E003AAD2D /* LoginViewController.xib */; };
		DE2A0AE31A084EE200BF0099 /* CreateAccountViewController.swift in Sources */ = {isa = PBXBuildFile; fileRef = DE2A0AE21A084EE200BF0099 /* CreateAccountViewController.swift */; };
		DE2A0AE61A08516B00BF0099 /* CloudKit.framework in Frameworks */ = {isa = PBXBuildFile; fileRef = DE2A0AE51A08516B00BF0099 /* CloudKit.framework */; };
		DEC5C9DE19EADC8C008E3B30 /* Icon29@2x.png in Resources */ = {isa = PBXBuildFile; fileRef = DEC5C9D819EADC8C008E3B30 /* Icon29@2x.png */; };
		DEC5C9DF19EADC8C008E3B30 /* Icon29@3x.png in Resources */ = {isa = PBXBuildFile; fileRef = DEC5C9D919EADC8C008E3B30 /* Icon29@3x.png */; };
		DEC5C9E019EADC8C008E3B30 /* Icon40@2x.png in Resources */ = {isa = PBXBuildFile; fileRef = DEC5C9DA19EADC8C008E3B30 /* Icon40@2x.png */; };
		DEC5C9E119EADC8C008E3B30 /* Icon40@3x.png in Resources */ = {isa = PBXBuildFile; fileRef = DEC5C9DB19EADC8C008E3B30 /* Icon40@3x.png */; };
		DEC5C9E219EADC8C008E3B30 /* Icon60@2x.png in Resources */ = {isa = PBXBuildFile; fileRef = DEC5C9DC19EADC8C008E3B30 /* Icon60@2x.png */; };
		DEC5C9E319EADC8C008E3B30 /* Icon60@3x.png in Resources */ = {isa = PBXBuildFile; fileRef = DEC5C9DD19EADC8C008E3B30 /* Icon60@3x.png */; };
		DEE8C5C519EA2D6C00B13ECF /* AppDelegate.swift in Sources */ = {isa = PBXBuildFile; fileRef = DEE8C5C419EA2D6C00B13ECF /* AppDelegate.swift */; };
		DEE8C5C719EA2D6C00B13ECF /* FirstViewController.swift in Sources */ = {isa = PBXBuildFile; fileRef = DEE8C5C619EA2D6C00B13ECF /* FirstViewController.swift */; };
		DEE8C5C919EA2D6C00B13ECF /* SecondViewController.swift in Sources */ = {isa = PBXBuildFile; fileRef = DEE8C5C819EA2D6C00B13ECF /* SecondViewController.swift */; };
		DEE8C5CE19EA2D6C00B13ECF /* Images.xcassets in Resources */ = {isa = PBXBuildFile; fileRef = DEE8C5CD19EA2D6C00B13ECF /* Images.xcassets */; };
		DEE8C5DD19EA2D6C00B13ECF /* OnCallTests.swift in Sources */ = {isa = PBXBuildFile; fileRef = DEE8C5DC19EA2D6C00B13ECF /* OnCallTests.swift */; };
/* End PBXBuildFile section */

/* Begin PBXContainerItemProxy section */
		DEE8C5D719EA2D6C00B13ECF /* PBXContainerItemProxy */ = {
			isa = PBXContainerItemProxy;
			containerPortal = DEE8C5B719EA2D6C00B13ECF /* Project object */;
			proxyType = 1;
			remoteGlobalIDString = DEE8C5BE19EA2D6C00B13ECF;
			remoteInfo = OnCall;
		};
/* End PBXContainerItemProxy section */

/* Begin PBXFileReference section */
		9B8EB41C1A0C297700B33F0A /* SignUpViewController.swift */ = {isa = PBXFileReference; fileEncoding = 4; lastKnownFileType = sourcecode.swift; path = SignUpViewController.swift; sourceTree = "<group>"; };
		9B8EB41D1A0C297700B33F0A /* SignUpViewController.xib */ = {isa = PBXFileReference; fileEncoding = 4; lastKnownFileType = file.xib; path = SignUpViewController.xib; sourceTree = "<group>"; };
		9B99C0F31A0C637100C11359 /* EmptyProfileViewController.swift */ = {isa = PBXFileReference; fileEncoding = 4; lastKnownFileType = sourcecode.swift; name = EmptyProfileViewController.swift; path = ../EmptyProfileViewController.swift; sourceTree = "<group>"; };
		9B99C0F41A0C637100C11359 /* EmptyProfileViewController.xib */ = {isa = PBXFileReference; fileEncoding = 4; lastKnownFileType = file.xib; name = EmptyProfileViewController.xib; path = ../EmptyProfileViewController.xib; sourceTree = "<group>"; };
		9BBC2E3E1A0C5B5100DAFF17 /* Main.storyboard */ = {isa = PBXFileReference; fileEncoding = 4; lastKnownFileType = file.storyboard; path = Main.storyboard; sourceTree = "<group>"; };
		9BBD7EA51A0BEB3E003AAD2D /* LoginViewController.swift */ = {isa = PBXFileReference; fileEncoding = 4; lastKnownFileType = sourcecode.swift; path = LoginViewController.swift; sourceTree = "<group>"; };
		9BBD7EA61A0BEB3E003AAD2D /* LoginViewController.xib */ = {isa = PBXFileReference; fileEncoding = 4; lastKnownFileType = file.xib; path = LoginViewController.xib; sourceTree = "<group>"; };
		DE2A0AE21A084EE200BF0099 /* CreateAccountViewController.swift */ = {isa = PBXFileReference; fileEncoding = 4; lastKnownFileType = sourcecode.swift; path = CreateAccountViewController.swift; sourceTree = "<group>"; };
		DE2A0AE41A08516700BF0099 /* OnCall.entitlements */ = {isa = PBXFileReference; lastKnownFileType = text.xml; path = OnCall.entitlements; sourceTree = "<group>"; };
		DE2A0AE51A08516B00BF0099 /* CloudKit.framework */ = {isa = PBXFileReference; lastKnownFileType = wrapper.framework; name = CloudKit.framework; path = System/Library/Frameworks/CloudKit.framework; sourceTree = SDKROOT; };
		DEC5C9D819EADC8C008E3B30 /* Icon29@2x.png */ = {isa = PBXFileReference; lastKnownFileType = image.png; path = "Icon29@2x.png"; sourceTree = "<group>"; };
		DEC5C9D919EADC8C008E3B30 /* Icon29@3x.png */ = {isa = PBXFileReference; lastKnownFileType = image.png; path = "Icon29@3x.png"; sourceTree = "<group>"; };
		DEC5C9DA19EADC8C008E3B30 /* Icon40@2x.png */ = {isa = PBXFileReference; lastKnownFileType = image.png; path = "Icon40@2x.png"; sourceTree = "<group>"; };
		DEC5C9DB19EADC8C008E3B30 /* Icon40@3x.png */ = {isa = PBXFileReference; lastKnownFileType = image.png; path = "Icon40@3x.png"; sourceTree = "<group>"; };
		DEC5C9DC19EADC8C008E3B30 /* Icon60@2x.png */ = {isa = PBXFileReference; lastKnownFileType = image.png; path = "Icon60@2x.png"; sourceTree = "<group>"; };
		DEC5C9DD19EADC8C008E3B30 /* Icon60@3x.png */ = {isa = PBXFileReference; lastKnownFileType = image.png; path = "Icon60@3x.png"; sourceTree = "<group>"; };
		DEE8C5BF19EA2D6C00B13ECF /* OnCall.app */ = {isa = PBXFileReference; explicitFileType = wrapper.application; includeInIndex = 0; path = OnCall.app; sourceTree = BUILT_PRODUCTS_DIR; };
		DEE8C5C319EA2D6C00B13ECF /* Info.plist */ = {isa = PBXFileReference; lastKnownFileType = text.plist.xml; path = Info.plist; sourceTree = "<group>"; };
		DEE8C5C419EA2D6C00B13ECF /* AppDelegate.swift */ = {isa = PBXFileReference; lastKnownFileType = sourcecode.swift; path = AppDelegate.swift; sourceTree = "<group>"; };
		DEE8C5C619EA2D6C00B13ECF /* FirstViewController.swift */ = {isa = PBXFileReference; lastKnownFileType = sourcecode.swift; path = FirstViewController.swift; sourceTree = "<group>"; };
		DEE8C5C819EA2D6C00B13ECF /* SecondViewController.swift */ = {isa = PBXFileReference; lastKnownFileType = sourcecode.swift; path = SecondViewController.swift; sourceTree = "<group>"; };
		DEE8C5CD19EA2D6C00B13ECF /* Images.xcassets */ = {isa = PBXFileReference; lastKnownFileType = folder.assetcatalog; path = Images.xcassets; sourceTree = "<group>"; };
		DEE8C5D619EA2D6C00B13ECF /* OnCallTests.xctest */ = {isa = PBXFileReference; explicitFileType = wrapper.cfbundle; includeInIndex = 0; path = OnCallTests.xctest; sourceTree = BUILT_PRODUCTS_DIR; };
		DEE8C5DB19EA2D6C00B13ECF /* Info.plist */ = {isa = PBXFileReference; lastKnownFileType = text.plist.xml; path = Info.plist; sourceTree = "<group>"; };
		DEE8C5DC19EA2D6C00B13ECF /* OnCallTests.swift */ = {isa = PBXFileReference; lastKnownFileType = sourcecode.swift; path = OnCallTests.swift; sourceTree = "<group>"; };
/* End PBXFileReference section */

/* Begin PBXFrameworksBuildPhase section */
		DEE8C5BC19EA2D6C00B13ECF /* Frameworks */ = {
			isa = PBXFrameworksBuildPhase;
			buildActionMask = 2147483647;
			files = (
				DE2A0AE61A08516B00BF0099 /* CloudKit.framework in Frameworks */,
			);
			runOnlyForDeploymentPostprocessing = 0;
		};
		DEE8C5D319EA2D6C00B13ECF /* Frameworks */ = {
			isa = PBXFrameworksBuildPhase;
			buildActionMask = 2147483647;
			files = (
			);
			runOnlyForDeploymentPostprocessing = 0;
		};
/* End PBXFrameworksBuildPhase section */

/* Begin PBXGroup section */
		DEC5C9E419EADC90008E3B30 /* Icons */ = {
			isa = PBXGroup;
			children = (
				DEC5C9D819EADC8C008E3B30 /* Icon29@2x.png */,
				DEC5C9D919EADC8C008E3B30 /* Icon29@3x.png */,
				DEC5C9DA19EADC8C008E3B30 /* Icon40@2x.png */,
				DEC5C9DB19EADC8C008E3B30 /* Icon40@3x.png */,
				DEC5C9DC19EADC8C008E3B30 /* Icon60@2x.png */,
				DEC5C9DD19EADC8C008E3B30 /* Icon60@3x.png */,
			);
			name = Icons;
			sourceTree = "<group>";
		};
		DEE8C5B619EA2D6C00B13ECF = {
			isa = PBXGroup;
			children = (
				DE2A0AE51A08516B00BF0099 /* CloudKit.framework */,
				DEE8C5C119EA2D6C00B13ECF /* OnCall */,
				DEE8C5D919EA2D6C00B13ECF /* OnCallTests */,
				DEE8C5C019EA2D6C00B13ECF /* Products */,
			);
			sourceTree = "<group>";
		};
		DEE8C5C019EA2D6C00B13ECF /* Products */ = {
			isa = PBXGroup;
			children = (
				DEE8C5BF19EA2D6C00B13ECF /* OnCall.app */,
				DEE8C5D619EA2D6C00B13ECF /* OnCallTests.xctest */,
			);
			name = Products;
			sourceTree = "<group>";
		};
		DEE8C5C119EA2D6C00B13ECF /* OnCall */ = {
			isa = PBXGroup;
			children = (
				DE2A0AE41A08516700BF0099 /* OnCall.entitlements */,
				DEE8C5C419EA2D6C00B13ECF /* AppDelegate.swift */,
				DEE8C5C619EA2D6C00B13ECF /* FirstViewController.swift */,
				DEE8C5C819EA2D6C00B13ECF /* SecondViewController.swift */,
				DE2A0AE21A084EE200BF0099 /* CreateAccountViewController.swift */,
				9BBC2E3E1A0C5B5100DAFF17 /* Main.storyboard */,
				DEE8C5CD19EA2D6C00B13ECF /* Images.xcassets */,
				DEE8C5C219EA2D6C00B13ECF /* Supporting Files */,
				9BBD7EA51A0BEB3E003AAD2D /* LoginViewController.swift */,
				9BBD7EA61A0BEB3E003AAD2D /* LoginViewController.xib */,
				9B8EB41C1A0C297700B33F0A /* SignUpViewController.swift */,
				9B8EB41D1A0C297700B33F0A /* SignUpViewController.xib */,
				9B99C0F31A0C637100C11359 /* EmptyProfileViewController.swift */,
				9B99C0F41A0C637100C11359 /* EmptyProfileViewController.xib */,
			);
			path = OnCall;
			sourceTree = "<group>";
		};
		DEE8C5C219EA2D6C00B13ECF /* Supporting Files */ = {
			isa = PBXGroup;
			children = (
				DEC5C9E419EADC90008E3B30 /* Icons */,
				DEE8C5C319EA2D6C00B13ECF /* Info.plist */,
			);
			name = "Supporting Files";
			sourceTree = "<group>";
		};
		DEE8C5D919EA2D6C00B13ECF /* OnCallTests */ = {
			isa = PBXGroup;
			children = (
				DEE8C5DC19EA2D6C00B13ECF /* OnCallTests.swift */,
				DEE8C5DA19EA2D6C00B13ECF /* Supporting Files */,
			);
			path = OnCallTests;
			sourceTree = "<group>";
		};
		DEE8C5DA19EA2D6C00B13ECF /* Supporting Files */ = {
			isa = PBXGroup;
			children = (
				DEE8C5DB19EA2D6C00B13ECF /* Info.plist */,
			);
			name = "Supporting Files";
			sourceTree = "<group>";
		};
/* End PBXGroup section */

/* Begin PBXNativeTarget section */
		DEE8C5BE19EA2D6C00B13ECF /* OnCall */ = {
			isa = PBXNativeTarget;
			buildConfigurationList = DEE8C5E019EA2D6C00B13ECF /* Build configuration list for PBXNativeTarget "OnCall" */;
			buildPhases = (
				DEE8C5BB19EA2D6C00B13ECF /* Sources */,
				DEE8C5BC19EA2D6C00B13ECF /* Frameworks */,
				DEE8C5BD19EA2D6C00B13ECF /* Resources */,
			);
			buildRules = (
			);
			dependencies = (
			);
			name = OnCall;
			productName = OnCall;
			productReference = DEE8C5BF19EA2D6C00B13ECF /* OnCall.app */;
			productType = "com.apple.product-type.application";
		};
		DEE8C5D519EA2D6C00B13ECF /* OnCallTests */ = {
			isa = PBXNativeTarget;
			buildConfigurationList = DEE8C5E319EA2D6C00B13ECF /* Build configuration list for PBXNativeTarget "OnCallTests" */;
			buildPhases = (
				DEE8C5D219EA2D6C00B13ECF /* Sources */,
				DEE8C5D319EA2D6C00B13ECF /* Frameworks */,
				DEE8C5D419EA2D6C00B13ECF /* Resources */,
			);
			buildRules = (
			);
			dependencies = (
				DEE8C5D819EA2D6C00B13ECF /* PBXTargetDependency */,
			);
			name = OnCallTests;
			productName = OnCallTests;
			productReference = DEE8C5D619EA2D6C00B13ECF /* OnCallTests.xctest */;
			productType = "com.apple.product-type.bundle.unit-test";
		};
/* End PBXNativeTarget section */

/* Begin PBXProject section */
		DEE8C5B719EA2D6C00B13ECF /* Project object */ = {
			isa = PBXProject;
			attributes = {
				LastUpgradeCheck = 0600;
				ORGANIZATIONNAME = "Marksman Apps";
				TargetAttributes = {
					DEE8C5BE19EA2D6C00B13ECF = {
						CreatedOnToolsVersion = 6.0;
						DevelopmentTeam = FYTAZBH4C6;
						SystemCapabilities = {
							com.apple.iCloud = {
								enabled = 1;
							};
						};
					};
					DEE8C5D519EA2D6C00B13ECF = {
						CreatedOnToolsVersion = 6.0;
						TestTargetID = DEE8C5BE19EA2D6C00B13ECF;
					};
				};
			};
			buildConfigurationList = DEE8C5BA19EA2D6C00B13ECF /* Build configuration list for PBXProject "OnCall" */;
			compatibilityVersion = "Xcode 3.2";
			developmentRegion = English;
			hasScannedForEncodings = 0;
			knownRegions = (
				en,
				Base,
			);
			mainGroup = DEE8C5B619EA2D6C00B13ECF;
			productRefGroup = DEE8C5C019EA2D6C00B13ECF /* Products */;
			projectDirPath = "";
			projectRoot = "";
			targets = (
				DEE8C5BE19EA2D6C00B13ECF /* OnCall */,
				DEE8C5D519EA2D6C00B13ECF /* OnCallTests */,
			);
		};
/* End PBXProject section */

/* Begin PBXResourcesBuildPhase section */
		DEE8C5BD19EA2D6C00B13ECF /* Resources */ = {
			isa = PBXResourcesBuildPhase;
			buildActionMask = 2147483647;
			files = (
				9BBD7EA81A0BEB3E003AAD2D /* LoginViewController.xib in Resources */,
				DEC5C9E119EADC8C008E3B30 /* Icon40@3x.png in Resources */,
				DEC5C9E319EADC8C008E3B30 /* Icon60@3x.png in Resources */,
				9BBC2E3F1A0C5B5100DAFF17 /* Main.storyboard in Resources */,
				DEC5C9E219EADC8C008E3B30 /* Icon60@2x.png in Resources */,
				9B8EB41F1A0C297700B33F0A /* SignUpViewController.xib in Resources */,
				DEC5C9DF19EADC8C008E3B30 /* Icon29@3x.png in Resources */,
				DEC5C9DE19EADC8C008E3B30 /* Icon29@2x.png in Resources */,
				9B99C0F61A0C637100C11359 /* EmptyProfileViewController.xib in Resources */,
				DEE8C5CE19EA2D6C00B13ECF /* Images.xcassets in Resources */,
				DEC5C9E019EADC8C008E3B30 /* Icon40@2x.png in Resources */,
			);
			runOnlyForDeploymentPostprocessing = 0;
		};
		DEE8C5D419EA2D6C00B13ECF /* Resources */ = {
			isa = PBXResourcesBuildPhase;
			buildActionMask = 2147483647;
			files = (
			);
			runOnlyForDeploymentPostprocessing = 0;
		};
/* End PBXResourcesBuildPhase section */

/* Begin PBXSourcesBuildPhase section */
		DEE8C5BB19EA2D6C00B13ECF /* Sources */ = {
			isa = PBXSourcesBuildPhase;
			buildActionMask = 2147483647;
			files = (
				9BBD7EA71A0BEB3E003AAD2D /* LoginViewController.swift in Sources */,
				DE2A0AE31A084EE200BF0099 /* CreateAccountViewController.swift in Sources */,
				DEE8C5C919EA2D6C00B13ECF /* SecondViewController.swift in Sources */,
				DEE8C5C519EA2D6C00B13ECF /* AppDelegate.swift in Sources */,
				DEE8C5C719EA2D6C00B13ECF /* FirstViewController.swift in Sources */,
				9B99C0F51A0C637100C11359 /* EmptyProfileViewController.swift in Sources */,
				9B8EB41E1A0C297700B33F0A /* SignUpViewController.swift in Sources */,
			);
			runOnlyForDeploymentPostprocessing = 0;
		};
		DEE8C5D219EA2D6C00B13ECF /* Sources */ = {
			isa = PBXSourcesBuildPhase;
			buildActionMask = 2147483647;
			files = (
				DEE8C5DD19EA2D6C00B13ECF /* OnCallTests.swift in Sources */,
			);
			runOnlyForDeploymentPostprocessing = 0;
		};
/* End PBXSourcesBuildPhase section */

/* Begin PBXTargetDependency section */
		DEE8C5D819EA2D6C00B13ECF /* PBXTargetDependency */ = {
			isa = PBXTargetDependency;
			target = DEE8C5BE19EA2D6C00B13ECF /* OnCall */;
			targetProxy = DEE8C5D719EA2D6C00B13ECF /* PBXContainerItemProxy */;
		};
/* End PBXTargetDependency section */

/* Begin XCBuildConfiguration section */
		DEE8C5DE19EA2D6C00B13ECF /* Debug */ = {
			isa = XCBuildConfiguration;
			buildSettings = {
				ALWAYS_SEARCH_USER_PATHS = NO;
				CLANG_CXX_LANGUAGE_STANDARD = "gnu++0x";
				CLANG_CXX_LIBRARY = "libc++";
				CLANG_ENABLE_MODULES = YES;
				CLANG_ENABLE_OBJC_ARC = YES;
				CLANG_WARN_BOOL_CONVERSION = YES;
				CLANG_WARN_CONSTANT_CONVERSION = YES;
				CLANG_WARN_DIRECT_OBJC_ISA_USAGE = YES_ERROR;
				CLANG_WARN_EMPTY_BODY = YES;
				CLANG_WARN_ENUM_CONVERSION = YES;
				CLANG_WARN_INT_CONVERSION = YES;
				CLANG_WARN_OBJC_ROOT_CLASS = YES_ERROR;
				CLANG_WARN_UNREACHABLE_CODE = YES;
				CLANG_WARN__DUPLICATE_METHOD_MATCH = YES;
				"CODE_SIGN_IDENTITY[sdk=iphoneos*]" = "iPhone Developer";
				COPY_PHASE_STRIP = NO;
				ENABLE_STRICT_OBJC_MSGSEND = YES;
				GCC_C_LANGUAGE_STANDARD = gnu99;
				GCC_DYNAMIC_NO_PIC = NO;
				GCC_OPTIMIZATION_LEVEL = 0;
				GCC_PREPROCESSOR_DEFINITIONS = (
					"DEBUG=1",
					"$(inherited)",
				);
				GCC_SYMBOLS_PRIVATE_EXTERN = NO;
				GCC_WARN_64_TO_32_BIT_CONVERSION = YES;
				GCC_WARN_ABOUT_RETURN_TYPE = YES_ERROR;
				GCC_WARN_UNDECLARED_SELECTOR = YES;
				GCC_WARN_UNINITIALIZED_AUTOS = YES_AGGRESSIVE;
				GCC_WARN_UNUSED_FUNCTION = YES;
				GCC_WARN_UNUSED_VARIABLE = YES;
				IPHONEOS_DEPLOYMENT_TARGET = 8.0;
				MTL_ENABLE_DEBUG_INFO = YES;
				ONLY_ACTIVE_ARCH = YES;
				SDKROOT = iphoneos;
				SWIFT_OPTIMIZATION_LEVEL = "-Onone";
			};
			name = Debug;
		};
		DEE8C5DF19EA2D6C00B13ECF /* Release */ = {
			isa = XCBuildConfiguration;
			buildSettings = {
				ALWAYS_SEARCH_USER_PATHS = NO;
				CLANG_CXX_LANGUAGE_STANDARD = "gnu++0x";
				CLANG_CXX_LIBRARY = "libc++";
				CLANG_ENABLE_MODULES = YES;
				CLANG_ENABLE_OBJC_ARC = YES;
				CLANG_WARN_BOOL_CONVERSION = YES;
				CLANG_WARN_CONSTANT_CONVERSION = YES;
				CLANG_WARN_DIRECT_OBJC_ISA_USAGE = YES_ERROR;
				CLANG_WARN_EMPTY_BODY = YES;
				CLANG_WARN_ENUM_CONVERSION = YES;
				CLANG_WARN_INT_CONVERSION = YES;
				CLANG_WARN_OBJC_ROOT_CLASS = YES_ERROR;
				CLANG_WARN_UNREACHABLE_CODE = YES;
				CLANG_WARN__DUPLICATE_METHOD_MATCH = YES;
				"CODE_SIGN_IDENTITY[sdk=iphoneos*]" = "iPhone Developer";
				COPY_PHASE_STRIP = YES;
				ENABLE_NS_ASSERTIONS = NO;
				ENABLE_STRICT_OBJC_MSGSEND = YES;
				GCC_C_LANGUAGE_STANDARD = gnu99;
				GCC_WARN_64_TO_32_BIT_CONVERSION = YES;
				GCC_WARN_ABOUT_RETURN_TYPE = YES_ERROR;
				GCC_WARN_UNDECLARED_SELECTOR = YES;
				GCC_WARN_UNINITIALIZED_AUTOS = YES_AGGRESSIVE;
				GCC_WARN_UNUSED_FUNCTION = YES;
				GCC_WARN_UNUSED_VARIABLE = YES;
				IPHONEOS_DEPLOYMENT_TARGET = 8.0;
				MTL_ENABLE_DEBUG_INFO = NO;
				SDKROOT = iphoneos;
				VALIDATE_PRODUCT = YES;
			};
			name = Release;
		};
		DEE8C5E119EA2D6C00B13ECF /* Debug */ = {
			isa = XCBuildConfiguration;
			buildSettings = {
				ASSETCATALOG_COMPILER_APPICON_NAME = AppIcon;
				CODE_SIGN_ENTITLEMENTS = OnCall/OnCall.entitlements;
				INFOPLIST_FILE = OnCall/Info.plist;
				LD_RUNPATH_SEARCH_PATHS = "$(inherited) @executable_path/Frameworks";
				PRODUCT_NAME = "$(TARGET_NAME)";
			};
			name = Debug;
		};
		DEE8C5E219EA2D6C00B13ECF /* Release */ = {
			isa = XCBuildConfiguration;
			buildSettings = {
				ASSETCATALOG_COMPILER_APPICON_NAME = AppIcon;
				CODE_SIGN_ENTITLEMENTS = OnCall/OnCall.entitlements;
				INFOPLIST_FILE = OnCall/Info.plist;
				LD_RUNPATH_SEARCH_PATHS = "$(inherited) @executable_path/Frameworks";
				PRODUCT_NAME = "$(TARGET_NAME)";
			};
			name = Release;
		};
		DEE8C5E419EA2D6C00B13ECF /* Debug */ = {
			isa = XCBuildConfiguration;
			buildSettings = {
				BUNDLE_LOADER = "$(TEST_HOST)";
				FRAMEWORK_SEARCH_PATHS = (
					"$(SDKROOT)/Developer/Library/Frameworks",
					"$(inherited)",
				);
				GCC_PREPROCESSOR_DEFINITIONS = (
					"DEBUG=1",
					"$(inherited)",
				);
				INFOPLIST_FILE = OnCallTests/Info.plist;
				LD_RUNPATH_SEARCH_PATHS = "$(inherited) @executable_path/Frameworks @loader_path/Frameworks";
				PRODUCT_NAME = "$(TARGET_NAME)";
				TEST_HOST = "$(BUILT_PRODUCTS_DIR)/OnCall.app/OnCall";
			};
			name = Debug;
		};
		DEE8C5E519EA2D6C00B13ECF /* Release */ = {
			isa = XCBuildConfiguration;
			buildSettings = {
				BUNDLE_LOADER = "$(TEST_HOST)";
				FRAMEWORK_SEARCH_PATHS = (
					"$(SDKROOT)/Developer/Library/Frameworks",
					"$(inherited)",
				);
				INFOPLIST_FILE = OnCallTests/Info.plist;
				LD_RUNPATH_SEARCH_PATHS = "$(inherited) @executable_path/Frameworks @loader_path/Frameworks";
				PRODUCT_NAME = "$(TARGET_NAME)";
				TEST_HOST = "$(BUILT_PRODUCTS_DIR)/OnCall.app/OnCall";
			};
			name = Release;
		};
/* End XCBuildConfiguration section */

/* Begin XCConfigurationList section */
		DEE8C5BA19EA2D6C00B13ECF /* Build configuration list for PBXProject "OnCall" */ = {
			isa = XCConfigurationList;
			buildConfigurations = (
				DEE8C5DE19EA2D6C00B13ECF /* Debug */,
				DEE8C5DF19EA2D6C00B13ECF /* Release */,
			);
			defaultConfigurationIsVisible = 0;
			defaultConfigurationName = Release;
		};
		DEE8C5E019EA2D6C00B13ECF /* Build configuration list for PBXNativeTarget "OnCall" */ = {
			isa = XCConfigurationList;
			buildConfigurations = (
				DEE8C5E119EA2D6C00B13ECF /* Debug */,
				DEE8C5E219EA2D6C00B13ECF /* Release */,
			);
			defaultConfigurationIsVisible = 0;
			defaultConfigurationName = Release;
		};
		DEE8C5E319EA2D6C00B13ECF /* Build configuration list for PBXNativeTarget "OnCallTests" */ = {
			isa = XCConfigurationList;
			buildConfigurations = (
				DEE8C5E419EA2D6C00B13ECF /* Debug */,
				DEE8C5E519EA2D6C00B13ECF /* Release */,
			);
			defaultConfigurationIsVisible = 0;
			defaultConfigurationName = Release;
		};
/* End XCConfigurationList section */
	};
	rootObject = DEE8C5B719EA2D6C00B13ECF /* Project object */;
}
